// !$*UTF8*$!
{
	archiveVersion = 1;
	classes = {
	};
	objectVersion = 46;
	objects = {

/* Begin PBXBuildFile section */
		578CA2F6220CA0B800029186 /* StartPresenter.swift in Sources */ = {isa = PBXBuildFile; fileRef = 578CA2EF220CA0B800029186 /* StartPresenter.swift */; };
		578CA2F7220CA0B800029186 /* StartWorker.swift in Sources */ = {isa = PBXBuildFile; fileRef = 578CA2F0220CA0B800029186 /* StartWorker.swift */; };
		578CA2F8220CA0B800029186 /* StartRouter.swift in Sources */ = {isa = PBXBuildFile; fileRef = 578CA2F1220CA0B800029186 /* StartRouter.swift */; };
		578CA2F9220CA0B800029186 /* StartModels.swift in Sources */ = {isa = PBXBuildFile; fileRef = 578CA2F2220CA0B800029186 /* StartModels.swift */; };
		578CA2FA220CA0B800029186 /* StartViewController.swift in Sources */ = {isa = PBXBuildFile; fileRef = 578CA2F3220CA0B800029186 /* StartViewController.swift */; };
		578CA2FB220CA0B800029186 /* StartInteractor.swift in Sources */ = {isa = PBXBuildFile; fileRef = 578CA2F4220CA0B800029186 /* StartInteractor.swift */; };
		578CA2FC220CA0B800029186 /* StartConfigurator.swift in Sources */ = {isa = PBXBuildFile; fileRef = 578CA2F5220CA0B800029186 /* StartConfigurator.swift */; };
		578CA315220CA2FC00029186 /* ItemTableViewPresenter.swift in Sources */ = {isa = PBXBuildFile; fileRef = 578CA30E220CA2FC00029186 /* ItemTableViewPresenter.swift */; };
		578CA316220CA2FC00029186 /* ItemTableViewWorker.swift in Sources */ = {isa = PBXBuildFile; fileRef = 578CA30F220CA2FC00029186 /* ItemTableViewWorker.swift */; };
		578CA317220CA2FC00029186 /* ItemTableViewRouter.swift in Sources */ = {isa = PBXBuildFile; fileRef = 578CA310220CA2FC00029186 /* ItemTableViewRouter.swift */; };
		578CA318220CA2FC00029186 /* ItemTableViewModels.swift in Sources */ = {isa = PBXBuildFile; fileRef = 578CA311220CA2FC00029186 /* ItemTableViewModels.swift */; };
		578CA319220CA2FC00029186 /* ItemTableViewViewController.swift in Sources */ = {isa = PBXBuildFile; fileRef = 578CA312220CA2FC00029186 /* ItemTableViewViewController.swift */; };
		578CA31A220CA2FC00029186 /* ItemTableViewInteractor.swift in Sources */ = {isa = PBXBuildFile; fileRef = 578CA313220CA2FC00029186 /* ItemTableViewInteractor.swift */; };
		578CA31B220CA2FC00029186 /* ItemTableViewConfigurator.swift in Sources */ = {isa = PBXBuildFile; fileRef = 578CA314220CA2FC00029186 /* ItemTableViewConfigurator.swift */; };
		578CA323220CA35D00029186 /* ItemDetailsPresenter.swift in Sources */ = {isa = PBXBuildFile; fileRef = 578CA31C220CA35D00029186 /* ItemDetailsPresenter.swift */; };
		578CA324220CA35D00029186 /* ItemDetailsWorker.swift in Sources */ = {isa = PBXBuildFile; fileRef = 578CA31D220CA35D00029186 /* ItemDetailsWorker.swift */; };
		578CA325220CA35D00029186 /* ItemDetailsRouter.swift in Sources */ = {isa = PBXBuildFile; fileRef = 578CA31E220CA35D00029186 /* ItemDetailsRouter.swift */; };
		578CA326220CA35D00029186 /* ItemDetailsModels.swift in Sources */ = {isa = PBXBuildFile; fileRef = 578CA31F220CA35D00029186 /* ItemDetailsModels.swift */; };
		578CA327220CA35D00029186 /* ItemDetailsViewController.swift in Sources */ = {isa = PBXBuildFile; fileRef = 578CA320220CA35D00029186 /* ItemDetailsViewController.swift */; };
		578CA328220CA35D00029186 /* ItemDetailsInteractor.swift in Sources */ = {isa = PBXBuildFile; fileRef = 578CA321220CA35D00029186 /* ItemDetailsInteractor.swift */; };
		578CA329220CA35D00029186 /* ItemDetailsConfigurator.swift in Sources */ = {isa = PBXBuildFile; fileRef = 578CA322220CA35D00029186 /* ItemDetailsConfigurator.swift */; };
		578CA32D220CA3BE00029186 /* Start.storyboard in Resources */ = {isa = PBXBuildFile; fileRef = 578CA32C220CA3BE00029186 /* Start.storyboard */; };
		578CA32F220CA3CF00029186 /* TabBar.storyboard in Resources */ = {isa = PBXBuildFile; fileRef = 578CA32E220CA3CF00029186 /* TabBar.storyboard */; };
		578CA331220CA3FA00029186 /* TableView.storyboard in Resources */ = {isa = PBXBuildFile; fileRef = 578CA330220CA3FA00029186 /* TableView.storyboard */; };
		578CA333220CA57900029186 /* CollectionView.storyboard in Resources */ = {isa = PBXBuildFile; fileRef = 578CA332220CA57900029186 /* CollectionView.storyboard */; };
		578CA33C220CA63C00029186 /* ItemsCollectionPresenter.swift in Sources */ = {isa = PBXBuildFile; fileRef = 578CA335220CA63C00029186 /* ItemsCollectionPresenter.swift */; };
		578CA33D220CA63C00029186 /* ItemsCollectionWorker.swift in Sources */ = {isa = PBXBuildFile; fileRef = 578CA336220CA63C00029186 /* ItemsCollectionWorker.swift */; };
		578CA33E220CA63C00029186 /* ItemsCollectionRouter.swift in Sources */ = {isa = PBXBuildFile; fileRef = 578CA337220CA63C00029186 /* ItemsCollectionRouter.swift */; };
		578CA33F220CA63C00029186 /* ItemsCollectionModels.swift in Sources */ = {isa = PBXBuildFile; fileRef = 578CA338220CA63C00029186 /* ItemsCollectionModels.swift */; };
		578CA340220CA63C00029186 /* ItemsCollectionViewController.swift in Sources */ = {isa = PBXBuildFile; fileRef = 578CA339220CA63C00029186 /* ItemsCollectionViewController.swift */; };
		578CA341220CA63C00029186 /* ItemsCollectionInteractor.swift in Sources */ = {isa = PBXBuildFile; fileRef = 578CA33A220CA63C00029186 /* ItemsCollectionInteractor.swift */; };
		578CA342220CA63C00029186 /* ItemsCollectionConfigurator.swift in Sources */ = {isa = PBXBuildFile; fileRef = 578CA33B220CA63C00029186 /* ItemsCollectionConfigurator.swift */; };
		578CA344220CA6E100029186 /* Item.swift in Sources */ = {isa = PBXBuildFile; fileRef = 578CA343220CA6E100029186 /* Item.swift */; };
		578CA347220CAACF00029186 /* ColorsEnum.swift in Sources */ = {isa = PBXBuildFile; fileRef = 578CA346220CAACF00029186 /* ColorsEnum.swift */; };
		578CA34A220CABC800029186 /* ItemProtocol.swift in Sources */ = {isa = PBXBuildFile; fileRef = 578CA349220CABC800029186 /* ItemProtocol.swift */; };
		578CA34C220CABDB00029186 /* ItemDetailProtocol.swift in Sources */ = {isa = PBXBuildFile; fileRef = 578CA34B220CABDB00029186 /* ItemDetailProtocol.swift */; };
		578CA34E220CAC5400029186 /* ItemDetails.swift in Sources */ = {isa = PBXBuildFile; fileRef = 578CA34D220CAC5400029186 /* ItemDetails.swift */; };
		578CA355220D6C7D00029186 /* ItemsTableViewCell.swift in Sources */ = {isa = PBXBuildFile; fileRef = 578CA353220D6C7D00029186 /* ItemsTableViewCell.swift */; };
		578CA356220D6C7D00029186 /* ItemsTableViewCell.xib in Resources */ = {isa = PBXBuildFile; fileRef = 578CA354220D6C7D00029186 /* ItemsTableViewCell.xib */; };
		578CA359220D6FFD00029186 /* TableViewDataSource.swift in Sources */ = {isa = PBXBuildFile; fileRef = 578CA358220D6FFD00029186 /* TableViewDataSource.swift */; };
		57B526F82210E8E700514DDA /* StringExtension.swift in Sources */ = {isa = PBXBuildFile; fileRef = 57B526F72210E8E700514DDA /* StringExtension.swift */; };
		57B52709221183E300514DDA /* NetworkingManagerTests.swift in Sources */ = {isa = PBXBuildFile; fileRef = 57B52708221183E300514DDA /* NetworkingManagerTests.swift */; };
		57B5270B2211963F00514DDA /* ItemListViewControllerTest.swift in Sources */ = {isa = PBXBuildFile; fileRef = 57B5270A2211963F00514DDA /* ItemListViewControllerTest.swift */; };
		57B5270D22119DBE00514DDA /* ItemDetailsViewControllerTest.swift in Sources */ = {isa = PBXBuildFile; fileRef = 57B5270C22119DBE00514DDA /* ItemDetailsViewControllerTest.swift */; };
		57F8029A2210A32F0040DCCC /* CollectionViewDataSource.swift in Sources */ = {isa = PBXBuildFile; fileRef = 57F802992210A32F0040DCCC /* CollectionViewDataSource.swift */; };
		57F8029E2210A5310040DCCC /* ItemCollectionViewCell.swift in Sources */ = {isa = PBXBuildFile; fileRef = 57F8029C2210A5310040DCCC /* ItemCollectionViewCell.swift */; };
		57F8029F2210A5310040DCCC /* ItemCollectionViewCell.xib in Resources */ = {isa = PBXBuildFile; fileRef = 57F8029D2210A5310040DCCC /* ItemCollectionViewCell.xib */; };
		57F802A12210DE990040DCCC /* RMError.swift in Sources */ = {isa = PBXBuildFile; fileRef = 57F802A02210DE990040DCCC /* RMError.swift */; };
		A4802C381D8ACB320032AF25 /* AppDelegate.swift in Sources */ = {isa = PBXBuildFile; fileRef = A4802C321D8ACB320032AF25 /* AppDelegate.swift */; };
		A4802C3A1D8ACB320032AF25 /* Assets.xcassets in Resources */ = {isa = PBXBuildFile; fileRef = A4802C341D8ACB320032AF25 /* Assets.xcassets */; };
		A4802C3B1D8ACB320032AF25 /* LaunchScreen.storyboard in Resources */ = {isa = PBXBuildFile; fileRef = A4802C351D8ACB320032AF25 /* LaunchScreen.storyboard */; };
		A4802C461D8ACB7B0032AF25 /* Items.json in Resources */ = {isa = PBXBuildFile; fileRef = A4802C401D8ACB7B0032AF25 /* Items.json */; };
		A4802C471D8ACB7B0032AF25 /* Item1.json in Resources */ = {isa = PBXBuildFile; fileRef = A4802C411D8ACB7B0032AF25 /* Item1.json */; };
		A4802C481D8ACB7B0032AF25 /* Item2.json in Resources */ = {isa = PBXBuildFile; fileRef = A4802C421D8ACB7B0032AF25 /* Item2.json */; };
		A4802C491D8ACB7B0032AF25 /* Item3.json in Resources */ = {isa = PBXBuildFile; fileRef = A4802C431D8ACB7B0032AF25 /* Item3.json */; };
		A4802C4A1D8ACB7B0032AF25 /* Item4.json in Resources */ = {isa = PBXBuildFile; fileRef = A4802C441D8ACB7B0032AF25 /* Item4.json */; };
		A4802C4B1D8ACB7B0032AF25 /* Item5.json in Resources */ = {isa = PBXBuildFile; fileRef = A4802C451D8ACB7B0032AF25 /* Item5.json */; };
		A4802C511D8ACB840032AF25 /* JSONParser.swift in Sources */ = {isa = PBXBuildFile; fileRef = A4802C4D1D8ACB840032AF25 /* JSONParser.swift */; };
		A4802C521D8ACB840032AF25 /* NetworkingManager.swift in Sources */ = {isa = PBXBuildFile; fileRef = A4802C4E1D8ACB840032AF25 /* NetworkingManager.swift */; };
		C0F220100F69684819FF4EA1 /* Pods_Recruitment_iOS.framework in Frameworks */ = {isa = PBXBuildFile; fileRef = 56FCDF6232805FD24E1F908A /* Pods_Recruitment_iOS.framework */; };
/* End PBXBuildFile section */

/* Begin PBXContainerItemProxy section */
		57B52703221181F700514DDA /* PBXContainerItemProxy */ = {
			isa = PBXContainerItemProxy;
			containerPortal = A4802C131D8ACA5F0032AF25 /* Project object */;
			proxyType = 1;
			remoteGlobalIDString = A4802C1A1D8ACA5F0032AF25;
			remoteInfo = "Recruitment-iOS";
		};
/* End PBXContainerItemProxy section */

/* Begin PBXFileReference section */
		56FCDF6232805FD24E1F908A /* Pods_Recruitment_iOS.framework */ = {isa = PBXFileReference; explicitFileType = wrapper.framework; includeInIndex = 0; path = Pods_Recruitment_iOS.framework; sourceTree = BUILT_PRODUCTS_DIR; };
		578CA2EF220CA0B800029186 /* StartPresenter.swift */ = {isa = PBXFileReference; lastKnownFileType = sourcecode.swift; path = StartPresenter.swift; sourceTree = "<group>"; };
		578CA2F0220CA0B800029186 /* StartWorker.swift */ = {isa = PBXFileReference; lastKnownFileType = sourcecode.swift; path = StartWorker.swift; sourceTree = "<group>"; };
		578CA2F1220CA0B800029186 /* StartRouter.swift */ = {isa = PBXFileReference; lastKnownFileType = sourcecode.swift; path = StartRouter.swift; sourceTree = "<group>"; };
		578CA2F2220CA0B800029186 /* StartModels.swift */ = {isa = PBXFileReference; lastKnownFileType = sourcecode.swift; path = StartModels.swift; sourceTree = "<group>"; };
		578CA2F3220CA0B800029186 /* StartViewController.swift */ = {isa = PBXFileReference; lastKnownFileType = sourcecode.swift; path = StartViewController.swift; sourceTree = "<group>"; };
		578CA2F4220CA0B800029186 /* StartInteractor.swift */ = {isa = PBXFileReference; lastKnownFileType = sourcecode.swift; path = StartInteractor.swift; sourceTree = "<group>"; };
		578CA2F5220CA0B800029186 /* StartConfigurator.swift */ = {isa = PBXFileReference; lastKnownFileType = sourcecode.swift; path = StartConfigurator.swift; sourceTree = "<group>"; };
		578CA30E220CA2FC00029186 /* ItemTableViewPresenter.swift */ = {isa = PBXFileReference; lastKnownFileType = sourcecode.swift; path = ItemTableViewPresenter.swift; sourceTree = "<group>"; };
		578CA30F220CA2FC00029186 /* ItemTableViewWorker.swift */ = {isa = PBXFileReference; lastKnownFileType = sourcecode.swift; path = ItemTableViewWorker.swift; sourceTree = "<group>"; };
		578CA310220CA2FC00029186 /* ItemTableViewRouter.swift */ = {isa = PBXFileReference; lastKnownFileType = sourcecode.swift; path = ItemTableViewRouter.swift; sourceTree = "<group>"; };
		578CA311220CA2FC00029186 /* ItemTableViewModels.swift */ = {isa = PBXFileReference; lastKnownFileType = sourcecode.swift; path = ItemTableViewModels.swift; sourceTree = "<group>"; };
		578CA312220CA2FC00029186 /* ItemTableViewViewController.swift */ = {isa = PBXFileReference; lastKnownFileType = sourcecode.swift; path = ItemTableViewViewController.swift; sourceTree = "<group>"; };
		578CA313220CA2FC00029186 /* ItemTableViewInteractor.swift */ = {isa = PBXFileReference; lastKnownFileType = sourcecode.swift; path = ItemTableViewInteractor.swift; sourceTree = "<group>"; };
		578CA314220CA2FC00029186 /* ItemTableViewConfigurator.swift */ = {isa = PBXFileReference; lastKnownFileType = sourcecode.swift; path = ItemTableViewConfigurator.swift; sourceTree = "<group>"; };
		578CA31C220CA35D00029186 /* ItemDetailsPresenter.swift */ = {isa = PBXFileReference; lastKnownFileType = sourcecode.swift; path = ItemDetailsPresenter.swift; sourceTree = "<group>"; };
		578CA31D220CA35D00029186 /* ItemDetailsWorker.swift */ = {isa = PBXFileReference; lastKnownFileType = sourcecode.swift; path = ItemDetailsWorker.swift; sourceTree = "<group>"; };
		578CA31E220CA35D00029186 /* ItemDetailsRouter.swift */ = {isa = PBXFileReference; lastKnownFileType = sourcecode.swift; path = ItemDetailsRouter.swift; sourceTree = "<group>"; };
		578CA31F220CA35D00029186 /* ItemDetailsModels.swift */ = {isa = PBXFileReference; lastKnownFileType = sourcecode.swift; path = ItemDetailsModels.swift; sourceTree = "<group>"; };
		578CA320220CA35D00029186 /* ItemDetailsViewController.swift */ = {isa = PBXFileReference; lastKnownFileType = sourcecode.swift; path = ItemDetailsViewController.swift; sourceTree = "<group>"; };
		578CA321220CA35D00029186 /* ItemDetailsInteractor.swift */ = {isa = PBXFileReference; lastKnownFileType = sourcecode.swift; path = ItemDetailsInteractor.swift; sourceTree = "<group>"; };
		578CA322220CA35D00029186 /* ItemDetailsConfigurator.swift */ = {isa = PBXFileReference; lastKnownFileType = sourcecode.swift; path = ItemDetailsConfigurator.swift; sourceTree = "<group>"; };
		578CA32C220CA3BE00029186 /* Start.storyboard */ = {isa = PBXFileReference; lastKnownFileType = file.storyboard; path = Start.storyboard; sourceTree = "<group>"; };
		578CA32E220CA3CF00029186 /* TabBar.storyboard */ = {isa = PBXFileReference; lastKnownFileType = file.storyboard; path = TabBar.storyboard; sourceTree = "<group>"; };
		578CA330220CA3FA00029186 /* TableView.storyboard */ = {isa = PBXFileReference; lastKnownFileType = file.storyboard; path = TableView.storyboard; sourceTree = "<group>"; };
		578CA332220CA57900029186 /* CollectionView.storyboard */ = {isa = PBXFileReference; lastKnownFileType = file.storyboard; path = CollectionView.storyboard; sourceTree = "<group>"; };
		578CA335220CA63C00029186 /* ItemsCollectionPresenter.swift */ = {isa = PBXFileReference; lastKnownFileType = sourcecode.swift; path = ItemsCollectionPresenter.swift; sourceTree = "<group>"; };
		578CA336220CA63C00029186 /* ItemsCollectionWorker.swift */ = {isa = PBXFileReference; lastKnownFileType = sourcecode.swift; path = ItemsCollectionWorker.swift; sourceTree = "<group>"; };
		578CA337220CA63C00029186 /* ItemsCollectionRouter.swift */ = {isa = PBXFileReference; lastKnownFileType = sourcecode.swift; path = ItemsCollectionRouter.swift; sourceTree = "<group>"; };
		578CA338220CA63C00029186 /* ItemsCollectionModels.swift */ = {isa = PBXFileReference; lastKnownFileType = sourcecode.swift; path = ItemsCollectionModels.swift; sourceTree = "<group>"; };
		578CA339220CA63C00029186 /* ItemsCollectionViewController.swift */ = {isa = PBXFileReference; lastKnownFileType = sourcecode.swift; path = ItemsCollectionViewController.swift; sourceTree = "<group>"; };
		578CA33A220CA63C00029186 /* ItemsCollectionInteractor.swift */ = {isa = PBXFileReference; lastKnownFileType = sourcecode.swift; path = ItemsCollectionInteractor.swift; sourceTree = "<group>"; };
		578CA33B220CA63C00029186 /* ItemsCollectionConfigurator.swift */ = {isa = PBXFileReference; lastKnownFileType = sourcecode.swift; path = ItemsCollectionConfigurator.swift; sourceTree = "<group>"; };
		578CA343220CA6E100029186 /* Item.swift */ = {isa = PBXFileReference; lastKnownFileType = sourcecode.swift; path = Item.swift; sourceTree = "<group>"; };
		578CA346220CAACF00029186 /* ColorsEnum.swift */ = {isa = PBXFileReference; lastKnownFileType = sourcecode.swift; path = ColorsEnum.swift; sourceTree = "<group>"; };
		578CA349220CABC800029186 /* ItemProtocol.swift */ = {isa = PBXFileReference; lastKnownFileType = sourcecode.swift; path = ItemProtocol.swift; sourceTree = "<group>"; };
		578CA34B220CABDB00029186 /* ItemDetailProtocol.swift */ = {isa = PBXFileReference; lastKnownFileType = sourcecode.swift; path = ItemDetailProtocol.swift; sourceTree = "<group>"; };
		578CA34D220CAC5400029186 /* ItemDetails.swift */ = {isa = PBXFileReference; lastKnownFileType = sourcecode.swift; path = ItemDetails.swift; sourceTree = "<group>"; };
		578CA353220D6C7D00029186 /* ItemsTableViewCell.swift */ = {isa = PBXFileReference; lastKnownFileType = sourcecode.swift; path = ItemsTableViewCell.swift; sourceTree = "<group>"; };
		578CA354220D6C7D00029186 /* ItemsTableViewCell.xib */ = {isa = PBXFileReference; lastKnownFileType = file.xib; path = ItemsTableViewCell.xib; sourceTree = "<group>"; };
		578CA358220D6FFD00029186 /* TableViewDataSource.swift */ = {isa = PBXFileReference; lastKnownFileType = sourcecode.swift; path = TableViewDataSource.swift; sourceTree = "<group>"; };
		57B526F72210E8E700514DDA /* StringExtension.swift */ = {isa = PBXFileReference; lastKnownFileType = sourcecode.swift; path = StringExtension.swift; sourceTree = "<group>"; };
		57B526FE221181F700514DDA /* Recruitment-iOSTests.xctest */ = {isa = PBXFileReference; explicitFileType = wrapper.cfbundle; includeInIndex = 0; path = "Recruitment-iOSTests.xctest"; sourceTree = BUILT_PRODUCTS_DIR; };
		57B52702221181F700514DDA /* Info.plist */ = {isa = PBXFileReference; lastKnownFileType = text.plist.xml; path = Info.plist; sourceTree = "<group>"; };
		57B52708221183E300514DDA /* NetworkingManagerTests.swift */ = {isa = PBXFileReference; lastKnownFileType = sourcecode.swift; path = NetworkingManagerTests.swift; sourceTree = "<group>"; };
		57B5270A2211963F00514DDA /* ItemListViewControllerTest.swift */ = {isa = PBXFileReference; lastKnownFileType = sourcecode.swift; path = ItemListViewControllerTest.swift; sourceTree = "<group>"; };
		57B5270C22119DBE00514DDA /* ItemDetailsViewControllerTest.swift */ = {isa = PBXFileReference; lastKnownFileType = sourcecode.swift; path = ItemDetailsViewControllerTest.swift; sourceTree = "<group>"; };
		57F802992210A32F0040DCCC /* CollectionViewDataSource.swift */ = {isa = PBXFileReference; lastKnownFileType = sourcecode.swift; path = CollectionViewDataSource.swift; sourceTree = "<group>"; };
		57F8029C2210A5310040DCCC /* ItemCollectionViewCell.swift */ = {isa = PBXFileReference; lastKnownFileType = sourcecode.swift; path = ItemCollectionViewCell.swift; sourceTree = "<group>"; };
		57F8029D2210A5310040DCCC /* ItemCollectionViewCell.xib */ = {isa = PBXFileReference; lastKnownFileType = file.xib; path = ItemCollectionViewCell.xib; sourceTree = "<group>"; };
		57F802A02210DE990040DCCC /* RMError.swift */ = {isa = PBXFileReference; lastKnownFileType = sourcecode.swift; path = RMError.swift; sourceTree = "<group>"; };
		5E85AB41FAD8718DCB5CD66E /* Pods-Recruitment-iOS.debug.xcconfig */ = {isa = PBXFileReference; includeInIndex = 1; lastKnownFileType = text.xcconfig; name = "Pods-Recruitment-iOS.debug.xcconfig"; path = "Pods/Target Support Files/Pods-Recruitment-iOS/Pods-Recruitment-iOS.debug.xcconfig"; sourceTree = "<group>"; };
		A4802C1B1D8ACA5F0032AF25 /* Recruitment-iOS.app */ = {isa = PBXFileReference; explicitFileType = wrapper.application; includeInIndex = 0; path = "Recruitment-iOS.app"; sourceTree = BUILT_PRODUCTS_DIR; };
		A4802C2A1D8ACA5F0032AF25 /* Info.plist */ = {isa = PBXFileReference; lastKnownFileType = text.plist.xml; path = Info.plist; sourceTree = "<group>"; };
		A4802C321D8ACB320032AF25 /* AppDelegate.swift */ = {isa = PBXFileReference; fileEncoding = 4; lastKnownFileType = sourcecode.swift; path = AppDelegate.swift; sourceTree = "<group>"; };
		A4802C341D8ACB320032AF25 /* Assets.xcassets */ = {isa = PBXFileReference; lastKnownFileType = folder.assetcatalog; path = Assets.xcassets; sourceTree = "<group>"; };
		A4802C351D8ACB320032AF25 /* LaunchScreen.storyboard */ = {isa = PBXFileReference; fileEncoding = 4; lastKnownFileType = file.storyboard; path = LaunchScreen.storyboard; sourceTree = "<group>"; };
		A4802C401D8ACB7B0032AF25 /* Items.json */ = {isa = PBXFileReference; fileEncoding = 4; lastKnownFileType = text.json; path = Items.json; sourceTree = "<group>"; };
		A4802C411D8ACB7B0032AF25 /* Item1.json */ = {isa = PBXFileReference; fileEncoding = 4; lastKnownFileType = text.json; path = Item1.json; sourceTree = "<group>"; };
		A4802C421D8ACB7B0032AF25 /* Item2.json */ = {isa = PBXFileReference; fileEncoding = 4; lastKnownFileType = text.json; path = Item2.json; sourceTree = "<group>"; };
		A4802C431D8ACB7B0032AF25 /* Item3.json */ = {isa = PBXFileReference; fileEncoding = 4; lastKnownFileType = text.json; path = Item3.json; sourceTree = "<group>"; };
		A4802C441D8ACB7B0032AF25 /* Item4.json */ = {isa = PBXFileReference; fileEncoding = 4; lastKnownFileType = text.json; path = Item4.json; sourceTree = "<group>"; };
		A4802C451D8ACB7B0032AF25 /* Item5.json */ = {isa = PBXFileReference; fileEncoding = 4; lastKnownFileType = text.json; path = Item5.json; sourceTree = "<group>"; };
		A4802C4D1D8ACB840032AF25 /* JSONParser.swift */ = {isa = PBXFileReference; fileEncoding = 4; lastKnownFileType = sourcecode.swift; path = JSONParser.swift; sourceTree = "<group>"; };
		A4802C4E1D8ACB840032AF25 /* NetworkingManager.swift */ = {isa = PBXFileReference; fileEncoding = 4; lastKnownFileType = sourcecode.swift; path = NetworkingManager.swift; sourceTree = "<group>"; };
		F210A36ACC99AED0893A9477 /* Pods-Recruitment-iOS.release.xcconfig */ = {isa = PBXFileReference; includeInIndex = 1; lastKnownFileType = text.xcconfig; name = "Pods-Recruitment-iOS.release.xcconfig"; path = "Pods/Target Support Files/Pods-Recruitment-iOS/Pods-Recruitment-iOS.release.xcconfig"; sourceTree = "<group>"; };
/* End PBXFileReference section */

/* Begin PBXFrameworksBuildPhase section */
		57B526FB221181F700514DDA /* Frameworks */ = {
			isa = PBXFrameworksBuildPhase;
			buildActionMask = 2147483647;
			files = (
			);
			runOnlyForDeploymentPostprocessing = 0;
		};
		A4802C181D8ACA5F0032AF25 /* Frameworks */ = {
			isa = PBXFrameworksBuildPhase;
			buildActionMask = 2147483647;
			files = (
				C0F220100F69684819FF4EA1 /* Pods_Recruitment_iOS.framework in Frameworks */,
			);
			runOnlyForDeploymentPostprocessing = 0;
		};
/* End PBXFrameworksBuildPhase section */

/* Begin PBXGroup section */
		578CA2FD220CA0D900029186 /* Scenes */ = {
			isa = PBXGroup;
			children = (
				578CA334220CA61B00029186 /* ItemsCollectionView */,
				578CA30D220CA2CB00029186 /* ItemsTableView */,
				578CA300220CA24300029186 /* ItemDetails */,
				578CA2FE220CA0E700029186 /* StartScene */,
			);
			name = Scenes;
			sourceTree = "<group>";
		};
		578CA2FE220CA0E700029186 /* StartScene */ = {
			isa = PBXGroup;
			children = (
				578CA2EF220CA0B800029186 /* StartPresenter.swift */,
				578CA2F0220CA0B800029186 /* StartWorker.swift */,
				578CA2F1220CA0B800029186 /* StartRouter.swift */,
				578CA2F2220CA0B800029186 /* StartModels.swift */,
				578CA2F3220CA0B800029186 /* StartViewController.swift */,
				578CA2F4220CA0B800029186 /* StartInteractor.swift */,
				578CA2F5220CA0B800029186 /* StartConfigurator.swift */,
			);
			name = StartScene;
			sourceTree = "<group>";
		};
		578CA2FF220CA1D000029186 /* Models */ = {
			isa = PBXGroup;
			children = (
				578CA343220CA6E100029186 /* Item.swift */,
				578CA34D220CAC5400029186 /* ItemDetails.swift */,
			);
			name = Models;
			sourceTree = "<group>";
		};
		578CA300220CA24300029186 /* ItemDetails */ = {
			isa = PBXGroup;
			children = (
				578CA31C220CA35D00029186 /* ItemDetailsPresenter.swift */,
				578CA31D220CA35D00029186 /* ItemDetailsWorker.swift */,
				578CA31E220CA35D00029186 /* ItemDetailsRouter.swift */,
				578CA31F220CA35D00029186 /* ItemDetailsModels.swift */,
				578CA320220CA35D00029186 /* ItemDetailsViewController.swift */,
				578CA321220CA35D00029186 /* ItemDetailsInteractor.swift */,
				578CA322220CA35D00029186 /* ItemDetailsConfigurator.swift */,
			);
			name = ItemDetails;
			sourceTree = "<group>";
		};
		578CA30D220CA2CB00029186 /* ItemsTableView */ = {
			isa = PBXGroup;
			children = (
				578CA352220D6C6600029186 /* Cells */,
				578CA357220D6FD700029186 /* DataSource */,
				578CA30E220CA2FC00029186 /* ItemTableViewPresenter.swift */,
				578CA30F220CA2FC00029186 /* ItemTableViewWorker.swift */,
				578CA310220CA2FC00029186 /* ItemTableViewRouter.swift */,
				578CA311220CA2FC00029186 /* ItemTableViewModels.swift */,
				578CA312220CA2FC00029186 /* ItemTableViewViewController.swift */,
				578CA313220CA2FC00029186 /* ItemTableViewInteractor.swift */,
				578CA314220CA2FC00029186 /* ItemTableViewConfigurator.swift */,
			);
			name = ItemsTableView;
			sourceTree = "<group>";
		};
		578CA32B220CA3A600029186 /* Storyboards */ = {
			isa = PBXGroup;
			children = (
				578CA32C220CA3BE00029186 /* Start.storyboard */,
				578CA32E220CA3CF00029186 /* TabBar.storyboard */,
				578CA330220CA3FA00029186 /* TableView.storyboard */,
				578CA332220CA57900029186 /* CollectionView.storyboard */,
			);
			name = Storyboards;
			sourceTree = "<group>";
		};
		578CA334220CA61B00029186 /* ItemsCollectionView */ = {
			isa = PBXGroup;
			children = (
				57F8029B2210A4F60040DCCC /* Cells */,
				57F802982210A3150040DCCC /* DataSource */,
				578CA335220CA63C00029186 /* ItemsCollectionPresenter.swift */,
				578CA336220CA63C00029186 /* ItemsCollectionWorker.swift */,
				578CA337220CA63C00029186 /* ItemsCollectionRouter.swift */,
				578CA338220CA63C00029186 /* ItemsCollectionModels.swift */,
				578CA339220CA63C00029186 /* ItemsCollectionViewController.swift */,
				578CA33A220CA63C00029186 /* ItemsCollectionInteractor.swift */,
				578CA33B220CA63C00029186 /* ItemsCollectionConfigurator.swift */,
			);
			name = ItemsCollectionView;
			sourceTree = "<group>";
		};
		578CA345220CAABE00029186 /* Enums */ = {
			isa = PBXGroup;
			children = (
				578CA346220CAACF00029186 /* ColorsEnum.swift */,
				57F802A02210DE990040DCCC /* RMError.swift */,
			);
			name = Enums;
			sourceTree = "<group>";
		};
		578CA348220CABAC00029186 /* Protocols */ = {
			isa = PBXGroup;
			children = (
				578CA349220CABC800029186 /* ItemProtocol.swift */,
				578CA34B220CABDB00029186 /* ItemDetailProtocol.swift */,
			);
			name = Protocols;
			sourceTree = "<group>";
		};
		578CA352220D6C6600029186 /* Cells */ = {
			isa = PBXGroup;
			children = (
				578CA353220D6C7D00029186 /* ItemsTableViewCell.swift */,
				578CA354220D6C7D00029186 /* ItemsTableViewCell.xib */,
			);
			name = Cells;
			sourceTree = "<group>";
		};
		578CA357220D6FD700029186 /* DataSource */ = {
			isa = PBXGroup;
			children = (
				578CA358220D6FFD00029186 /* TableViewDataSource.swift */,
			);
			name = DataSource;
			sourceTree = "<group>";
		};
		57B526F62210E8CD00514DDA /* Extensions */ = {
			isa = PBXGroup;
			children = (
				57B526F72210E8E700514DDA /* StringExtension.swift */,
			);
			name = Extensions;
			sourceTree = "<group>";
		};
		57B526F92210EC1300514DDA /* Common */ = {
			isa = PBXGroup;
			children = (
				A4802C3E1D8ACB6E0032AF25 /* Networking */,
				578CA2FF220CA1D000029186 /* Models */,
				578CA345220CAABE00029186 /* Enums */,
				578CA348220CABAC00029186 /* Protocols */,
				57B526F62210E8CD00514DDA /* Extensions */,
			);
			name = Common;
			sourceTree = "<group>";
		};
		57B526FF221181F700514DDA /* Recruitment-iOSTests */ = {
			isa = PBXGroup;
			children = (
				57B52702221181F700514DDA /* Info.plist */,
				57B52708221183E300514DDA /* NetworkingManagerTests.swift */,
				57B5270A2211963F00514DDA /* ItemListViewControllerTest.swift */,
				57B5270C22119DBE00514DDA /* ItemDetailsViewControllerTest.swift */,
			);
			path = "Recruitment-iOSTests";
			sourceTree = "<group>";
		};
		57F802982210A3150040DCCC /* DataSource */ = {
			isa = PBXGroup;
			children = (
				57F802992210A32F0040DCCC /* CollectionViewDataSource.swift */,
			);
			name = DataSource;
			sourceTree = "<group>";
		};
		57F8029B2210A4F60040DCCC /* Cells */ = {
			isa = PBXGroup;
			children = (
				57F8029C2210A5310040DCCC /* ItemCollectionViewCell.swift */,
				57F8029D2210A5310040DCCC /* ItemCollectionViewCell.xib */,
			);
			name = Cells;
			sourceTree = "<group>";
		};
		86510F760B8AAA10134216AA /* Pods */ = {
			isa = PBXGroup;
			children = (
				5E85AB41FAD8718DCB5CD66E /* Pods-Recruitment-iOS.debug.xcconfig */,
				F210A36ACC99AED0893A9477 /* Pods-Recruitment-iOS.release.xcconfig */,
			);
			name = Pods;
			sourceTree = "<group>";
		};
		A4802C121D8ACA5F0032AF25 = {
			isa = PBXGroup;
			children = (
				A4802C1D1D8ACA5F0032AF25 /* Recruitment-iOS */,
				57B526FF221181F700514DDA /* Recruitment-iOSTests */,
				A4802C1C1D8ACA5F0032AF25 /* Products */,
				86510F760B8AAA10134216AA /* Pods */,
				B8406921D681194BC6631FE4 /* Frameworks */,
			);
			sourceTree = "<group>";
		};
		A4802C1C1D8ACA5F0032AF25 /* Products */ = {
			isa = PBXGroup;
			children = (
				A4802C1B1D8ACA5F0032AF25 /* Recruitment-iOS.app */,
				57B526FE221181F700514DDA /* Recruitment-iOSTests.xctest */,
			);
			name = Products;
			sourceTree = "<group>";
		};
		A4802C1D1D8ACA5F0032AF25 /* Recruitment-iOS */ = {
			isa = PBXGroup;
			children = (
				57B526F92210EC1300514DDA /* Common */,
				578CA32B220CA3A600029186 /* Storyboards */,
				578CA2FD220CA0D900029186 /* Scenes */,
				A4802C2A1D8ACA5F0032AF25 /* Info.plist */,
				A4802C321D8ACB320032AF25 /* AppDelegate.swift */,
				A4802C341D8ACB320032AF25 /* Assets.xcassets */,
				A4802C351D8ACB320032AF25 /* LaunchScreen.storyboard */,
			);
			path = "Recruitment-iOS";
			sourceTree = "<group>";
		};
		A4802C3E1D8ACB6E0032AF25 /* Networking */ = {
			isa = PBXGroup;
			children = (
				A4802C3F1D8ACB740032AF25 /* JSON */,
				A4802C4D1D8ACB840032AF25 /* JSONParser.swift */,
				A4802C4E1D8ACB840032AF25 /* NetworkingManager.swift */,
			);
			name = Networking;
			sourceTree = "<group>";
		};
		A4802C3F1D8ACB740032AF25 /* JSON */ = {
			isa = PBXGroup;
			children = (
				A4802C401D8ACB7B0032AF25 /* Items.json */,
				A4802C411D8ACB7B0032AF25 /* Item1.json */,
				A4802C421D8ACB7B0032AF25 /* Item2.json */,
				A4802C431D8ACB7B0032AF25 /* Item3.json */,
				A4802C441D8ACB7B0032AF25 /* Item4.json */,
				A4802C451D8ACB7B0032AF25 /* Item5.json */,
			);
			name = JSON;
			sourceTree = "<group>";
		};
		B8406921D681194BC6631FE4 /* Frameworks */ = {
			isa = PBXGroup;
			children = (
				56FCDF6232805FD24E1F908A /* Pods_Recruitment_iOS.framework */,
			);
			name = Frameworks;
			sourceTree = "<group>";
		};
/* End PBXGroup section */

/* Begin PBXNativeTarget section */
		57B526FD221181F700514DDA /* Recruitment-iOSTests */ = {
			isa = PBXNativeTarget;
			buildConfigurationList = 57B52707221181F700514DDA /* Build configuration list for PBXNativeTarget "Recruitment-iOSTests" */;
			buildPhases = (
				57B526FA221181F700514DDA /* Sources */,
				57B526FB221181F700514DDA /* Frameworks */,
				57B526FC221181F700514DDA /* Resources */,
			);
			buildRules = (
			);
			dependencies = (
				57B52704221181F700514DDA /* PBXTargetDependency */,
			);
			name = "Recruitment-iOSTests";
			productName = "Recruitment-iOSTests";
			productReference = 57B526FE221181F700514DDA /* Recruitment-iOSTests.xctest */;
			productType = "com.apple.product-type.bundle.unit-test";
		};
		A4802C1A1D8ACA5F0032AF25 /* Recruitment-iOS */ = {
			isa = PBXNativeTarget;
			buildConfigurationList = A4802C2D1D8ACA5F0032AF25 /* Build configuration list for PBXNativeTarget "Recruitment-iOS" */;
			buildPhases = (
				9A38F6936B58E3C13D2C3607 /* [CP] Check Pods Manifest.lock */,
				A4802C171D8ACA5F0032AF25 /* Sources */,
				A4802C181D8ACA5F0032AF25 /* Frameworks */,
				A4802C191D8ACA5F0032AF25 /* Resources */,
			);
			buildRules = (
			);
			dependencies = (
			);
			name = "Recruitment-iOS";
			productName = "Recruitment-iOS";
			productReference = A4802C1B1D8ACA5F0032AF25 /* Recruitment-iOS.app */;
			productType = "com.apple.product-type.application";
		};
/* End PBXNativeTarget section */

/* Begin PBXProject section */
		A4802C131D8ACA5F0032AF25 /* Project object */ = {
			isa = PBXProject;
			attributes = {
				LastSwiftUpdateCheck = 1010;
				LastUpgradeCheck = 0920;
				ORGANIZATIONNAME = "Untitled Kingdom";
				TargetAttributes = {
					57B526FD221181F700514DDA = {
						CreatedOnToolsVersion = 10.1;
						DevelopmentTeam = CPHSNUU384;
						ProvisioningStyle = Automatic;
						TestTargetID = A4802C1A1D8ACA5F0032AF25;
					};
					A4802C1A1D8ACA5F0032AF25 = {
						CreatedOnToolsVersion = 7.3.1;
						LastSwiftMigration = 0920;
					};
				};
			};
			buildConfigurationList = A4802C161D8ACA5F0032AF25 /* Build configuration list for PBXProject "Recruitment-iOS" */;
			compatibilityVersion = "Xcode 3.2";
			developmentRegion = English;
			hasScannedForEncodings = 0;
			knownRegions = (
				en,
				Base,
			);
			mainGroup = A4802C121D8ACA5F0032AF25;
			productRefGroup = A4802C1C1D8ACA5F0032AF25 /* Products */;
			projectDirPath = "";
			projectRoot = "";
			targets = (
				A4802C1A1D8ACA5F0032AF25 /* Recruitment-iOS */,
				57B526FD221181F700514DDA /* Recruitment-iOSTests */,
			);
		};
/* End PBXProject section */

/* Begin PBXResourcesBuildPhase section */
		57B526FC221181F700514DDA /* Resources */ = {
			isa = PBXResourcesBuildPhase;
			buildActionMask = 2147483647;
			files = (
			);
			runOnlyForDeploymentPostprocessing = 0;
		};
		A4802C191D8ACA5F0032AF25 /* Resources */ = {
			isa = PBXResourcesBuildPhase;
			buildActionMask = 2147483647;
			files = (
				A4802C471D8ACB7B0032AF25 /* Item1.json in Resources */,
				578CA32F220CA3CF00029186 /* TabBar.storyboard in Resources */,
				A4802C461D8ACB7B0032AF25 /* Items.json in Resources */,
				57F8029F2210A5310040DCCC /* ItemCollectionViewCell.xib in Resources */,
				A4802C491D8ACB7B0032AF25 /* Item3.json in Resources */,
				A4802C3B1D8ACB320032AF25 /* LaunchScreen.storyboard in Resources */,
				A4802C481D8ACB7B0032AF25 /* Item2.json in Resources */,
				578CA333220CA57900029186 /* CollectionView.storyboard in Resources */,
				A4802C4A1D8ACB7B0032AF25 /* Item4.json in Resources */,
				A4802C4B1D8ACB7B0032AF25 /* Item5.json in Resources */,
				578CA32D220CA3BE00029186 /* Start.storyboard in Resources */,
				578CA356220D6C7D00029186 /* ItemsTableViewCell.xib in Resources */,
				578CA331220CA3FA00029186 /* TableView.storyboard in Resources */,
				A4802C3A1D8ACB320032AF25 /* Assets.xcassets in Resources */,
			);
			runOnlyForDeploymentPostprocessing = 0;
		};
/* End PBXResourcesBuildPhase section */

/* Begin PBXShellScriptBuildPhase section */
		9A38F6936B58E3C13D2C3607 /* [CP] Check Pods Manifest.lock */ = {
			isa = PBXShellScriptBuildPhase;
			buildActionMask = 2147483647;
			files = (
			);
			inputPaths = (
				"${PODS_PODFILE_DIR_PATH}/Podfile.lock",
				"${PODS_ROOT}/Manifest.lock",
			);
			name = "[CP] Check Pods Manifest.lock";
			outputPaths = (
				"$(DERIVED_FILE_DIR)/Pods-Recruitment-iOS-checkManifestLockResult.txt",
			);
			runOnlyForDeploymentPostprocessing = 0;
			shellPath = /bin/sh;
			shellScript = "diff \"${PODS_PODFILE_DIR_PATH}/Podfile.lock\" \"${PODS_ROOT}/Manifest.lock\" > /dev/null\nif [ $? != 0 ] ; then\n    # print error to STDERR\n    echo \"error: The sandbox is not in sync with the Podfile.lock. Run 'pod install' or update your CocoaPods installation.\" >&2\n    exit 1\nfi\n# This output is used by Xcode 'outputs' to avoid re-running this script phase.\necho \"SUCCESS\" > \"${SCRIPT_OUTPUT_FILE_0}\"\n";
			showEnvVarsInLog = 0;
		};
/* End PBXShellScriptBuildPhase section */

/* Begin PBXSourcesBuildPhase section */
		57B526FA221181F700514DDA /* Sources */ = {
			isa = PBXSourcesBuildPhase;
			buildActionMask = 2147483647;
			files = (
				57B52709221183E300514DDA /* NetworkingManagerTests.swift in Sources */,
				57B5270B2211963F00514DDA /* ItemListViewControllerTest.swift in Sources */,
				57B5270D22119DBE00514DDA /* ItemDetailsViewControllerTest.swift in Sources */,
			);
			runOnlyForDeploymentPostprocessing = 0;
		};
		A4802C171D8ACA5F0032AF25 /* Sources */ = {
			isa = PBXSourcesBuildPhase;
			buildActionMask = 2147483647;
			files = (
				578CA347220CAACF00029186 /* ColorsEnum.swift in Sources */,
				57F8029E2210A5310040DCCC /* ItemCollectionViewCell.swift in Sources */,
				578CA33D220CA63C00029186 /* ItemsCollectionWorker.swift in Sources */,
				578CA325220CA35D00029186 /* ItemDetailsRouter.swift in Sources */,
				A4802C381D8ACB320032AF25 /* AppDelegate.swift in Sources */,
				578CA318220CA2FC00029186 /* ItemTableViewModels.swift in Sources */,
				578CA323220CA35D00029186 /* ItemDetailsPresenter.swift in Sources */,
				578CA355220D6C7D00029186 /* ItemsTableViewCell.swift in Sources */,
				57B526F82210E8E700514DDA /* StringExtension.swift in Sources */,
				578CA324220CA35D00029186 /* ItemDetailsWorker.swift in Sources */,
				578CA2F7220CA0B800029186 /* StartWorker.swift in Sources */,
				578CA315220CA2FC00029186 /* ItemTableViewPresenter.swift in Sources */,
				578CA34C220CABDB00029186 /* ItemDetailProtocol.swift in Sources */,
				578CA33F220CA63C00029186 /* ItemsCollectionModels.swift in Sources */,
				578CA359220D6FFD00029186 /* TableViewDataSource.swift in Sources */,
				578CA341220CA63C00029186 /* ItemsCollectionInteractor.swift in Sources */,
				A4802C511D8ACB840032AF25 /* JSONParser.swift in Sources */,
				578CA2FC220CA0B800029186 /* StartConfigurator.swift in Sources */,
				578CA2F9220CA0B800029186 /* StartModels.swift in Sources */,
				578CA326220CA35D00029186 /* ItemDetailsModels.swift in Sources */,
				578CA34E220CAC5400029186 /* ItemDetails.swift in Sources */,
				578CA31B220CA2FC00029186 /* ItemTableViewConfigurator.swift in Sources */,
				578CA2FA220CA0B800029186 /* StartViewController.swift in Sources */,
				A4802C521D8ACB840032AF25 /* NetworkingManager.swift in Sources */,
				578CA2F8220CA0B800029186 /* StartRouter.swift in Sources */,
				578CA2F6220CA0B800029186 /* StartPresenter.swift in Sources */,
				578CA319220CA2FC00029186 /* ItemTableViewViewController.swift in Sources */,
				578CA328220CA35D00029186 /* ItemDetailsInteractor.swift in Sources */,
				578CA33E220CA63C00029186 /* ItemsCollectionRouter.swift in Sources */,
				578CA329220CA35D00029186 /* ItemDetailsConfigurator.swift in Sources */,
				578CA316220CA2FC00029186 /* ItemTableViewWorker.swift in Sources */,
				57F802A12210DE990040DCCC /* RMError.swift in Sources */,
				578CA34A220CABC800029186 /* ItemProtocol.swift in Sources */,
				578CA33C220CA63C00029186 /* ItemsCollectionPresenter.swift in Sources */,
				578CA344220CA6E100029186 /* Item.swift in Sources */,
				578CA342220CA63C00029186 /* ItemsCollectionConfigurator.swift in Sources */,
				578CA31A220CA2FC00029186 /* ItemTableViewInteractor.swift in Sources */,
				578CA340220CA63C00029186 /* ItemsCollectionViewController.swift in Sources */,
				578CA327220CA35D00029186 /* ItemDetailsViewController.swift in Sources */,
				578CA2FB220CA0B800029186 /* StartInteractor.swift in Sources */,
				578CA317220CA2FC00029186 /* ItemTableViewRouter.swift in Sources */,
				57F8029A2210A32F0040DCCC /* CollectionViewDataSource.swift in Sources */,
			);
			runOnlyForDeploymentPostprocessing = 0;
		};
/* End PBXSourcesBuildPhase section */

/* Begin PBXTargetDependency section */
		57B52704221181F700514DDA /* PBXTargetDependency */ = {
			isa = PBXTargetDependency;
			target = A4802C1A1D8ACA5F0032AF25 /* Recruitment-iOS */;
			targetProxy = 57B52703221181F700514DDA /* PBXContainerItemProxy */;
		};
/* End PBXTargetDependency section */

/* Begin XCBuildConfiguration section */
		57B52705221181F700514DDA /* Debug */ = {
			isa = XCBuildConfiguration;
			buildSettings = {
				BUNDLE_LOADER = "$(TEST_HOST)";
				CLANG_ANALYZER_NUMBER_OBJECT_CONVERSION = YES_AGGRESSIVE;
				CLANG_CXX_LANGUAGE_STANDARD = "gnu++14";
				CLANG_ENABLE_OBJC_WEAK = YES;
				CLANG_WARN_DEPRECATED_OBJC_IMPLEMENTATIONS = YES;
				CLANG_WARN_DOCUMENTATION_COMMENTS = YES;
				CLANG_WARN_OBJC_IMPLICIT_RETAIN_SELF = YES;
				CLANG_WARN_UNGUARDED_AVAILABILITY = YES_AGGRESSIVE;
				CODE_SIGN_IDENTITY = "iPhone Developer";
				CODE_SIGN_STYLE = Automatic;
				DEVELOPMENT_TEAM = CPHSNUU384;
				GCC_C_LANGUAGE_STANDARD = gnu11;
				INFOPLIST_FILE = "Recruitment-iOSTests/Info.plist";
				IPHONEOS_DEPLOYMENT_TARGET = 12.1;
				LD_RUNPATH_SEARCH_PATHS = "$(inherited) @executable_path/Frameworks @loader_path/Frameworks";
				MTL_ENABLE_DEBUG_INFO = INCLUDE_SOURCE;
				MTL_FAST_MATH = YES;
				PRODUCT_BUNDLE_IDENTIFIER = "com.Recruitment-iOSTests";
				PRODUCT_NAME = "$(TARGET_NAME)";
				SWIFT_ACTIVE_COMPILATION_CONDITIONS = DEBUG;
				SWIFT_VERSION = 4.2;
				TARGETED_DEVICE_FAMILY = "1,2";
				TEST_HOST = "$(BUILT_PRODUCTS_DIR)/Recruitment-iOS.app/Recruitment-iOS";
			};
			name = Debug;
		};
		57B52706221181F700514DDA /* Release */ = {
			isa = XCBuildConfiguration;
			buildSettings = {
				BUNDLE_LOADER = "$(TEST_HOST)";
				CLANG_ANALYZER_NUMBER_OBJECT_CONVERSION = YES_AGGRESSIVE;
				CLANG_CXX_LANGUAGE_STANDARD = "gnu++14";
				CLANG_ENABLE_OBJC_WEAK = YES;
				CLANG_WARN_DEPRECATED_OBJC_IMPLEMENTATIONS = YES;
				CLANG_WARN_DOCUMENTATION_COMMENTS = YES;
				CLANG_WARN_OBJC_IMPLICIT_RETAIN_SELF = YES;
				CLANG_WARN_UNGUARDED_AVAILABILITY = YES_AGGRESSIVE;
				CODE_SIGN_IDENTITY = "iPhone Developer";
				CODE_SIGN_STYLE = Automatic;
				DEVELOPMENT_TEAM = CPHSNUU384;
				GCC_C_LANGUAGE_STANDARD = gnu11;
				INFOPLIST_FILE = "Recruitment-iOSTests/Info.plist";
				IPHONEOS_DEPLOYMENT_TARGET = 12.1;
				LD_RUNPATH_SEARCH_PATHS = "$(inherited) @executable_path/Frameworks @loader_path/Frameworks";
				MTL_FAST_MATH = YES;
				PRODUCT_BUNDLE_IDENTIFIER = "com.Recruitment-iOSTests";
				PRODUCT_NAME = "$(TARGET_NAME)";
				SWIFT_VERSION = 4.2;
				TARGETED_DEVICE_FAMILY = "1,2";
				TEST_HOST = "$(BUILT_PRODUCTS_DIR)/Recruitment-iOS.app/Recruitment-iOS";
			};
			name = Release;
		};
		A4802C2B1D8ACA5F0032AF25 /* Debug */ = {
			isa = XCBuildConfiguration;
			buildSettings = {
				ALWAYS_SEARCH_USER_PATHS = NO;
				CLANG_ANALYZER_NONNULL = YES;
				CLANG_CXX_LANGUAGE_STANDARD = "gnu++0x";
				CLANG_CXX_LIBRARY = "libc++";
				CLANG_ENABLE_MODULES = YES;
				CLANG_ENABLE_OBJC_ARC = YES;
				CLANG_WARN_BLOCK_CAPTURE_AUTORELEASING = YES;
				CLANG_WARN_BOOL_CONVERSION = YES;
				CLANG_WARN_COMMA = YES;
				CLANG_WARN_CONSTANT_CONVERSION = YES;
				CLANG_WARN_DIRECT_OBJC_ISA_USAGE = YES_ERROR;
				CLANG_WARN_EMPTY_BODY = YES;
				CLANG_WARN_ENUM_CONVERSION = YES;
				CLANG_WARN_INFINITE_RECURSION = YES;
				CLANG_WARN_INT_CONVERSION = YES;
				CLANG_WARN_NON_LITERAL_NULL_CONVERSION = YES;
				CLANG_WARN_OBJC_LITERAL_CONVERSION = YES;
				CLANG_WARN_OBJC_ROOT_CLASS = YES_ERROR;
				CLANG_WARN_RANGE_LOOP_ANALYSIS = YES;
				CLANG_WARN_STRICT_PROTOTYPES = YES;
				CLANG_WARN_SUSPICIOUS_MOVE = YES;
				CLANG_WARN_UNREACHABLE_CODE = YES;
				CLANG_WARN__DUPLICATE_METHOD_MATCH = YES;
				"CODE_SIGN_IDENTITY[sdk=iphoneos*]" = "iPhone Developer";
				COPY_PHASE_STRIP = NO;
				DEBUG_INFORMATION_FORMAT = dwarf;
				ENABLE_STRICT_OBJC_MSGSEND = YES;
				ENABLE_TESTABILITY = YES;
				GCC_C_LANGUAGE_STANDARD = gnu99;
				GCC_DYNAMIC_NO_PIC = NO;
				GCC_NO_COMMON_BLOCKS = YES;
				GCC_OPTIMIZATION_LEVEL = 0;
				GCC_PREPROCESSOR_DEFINITIONS = (
					"DEBUG=1",
					"$(inherited)",
				);
				GCC_WARN_64_TO_32_BIT_CONVERSION = YES;
				GCC_WARN_ABOUT_RETURN_TYPE = YES_ERROR;
				GCC_WARN_UNDECLARED_SELECTOR = YES;
				GCC_WARN_UNINITIALIZED_AUTOS = YES_AGGRESSIVE;
				GCC_WARN_UNUSED_FUNCTION = YES;
				GCC_WARN_UNUSED_VARIABLE = YES;
				IPHONEOS_DEPLOYMENT_TARGET = 9.3;
				MTL_ENABLE_DEBUG_INFO = YES;
				ONLY_ACTIVE_ARCH = YES;
				SDKROOT = iphoneos;
				SWIFT_OPTIMIZATION_LEVEL = "-Onone";
			};
			name = Debug;
		};
		A4802C2C1D8ACA5F0032AF25 /* Release */ = {
			isa = XCBuildConfiguration;
			buildSettings = {
				ALWAYS_SEARCH_USER_PATHS = NO;
				CLANG_ANALYZER_NONNULL = YES;
				CLANG_CXX_LANGUAGE_STANDARD = "gnu++0x";
				CLANG_CXX_LIBRARY = "libc++";
				CLANG_ENABLE_MODULES = YES;
				CLANG_ENABLE_OBJC_ARC = YES;
				CLANG_WARN_BLOCK_CAPTURE_AUTORELEASING = YES;
				CLANG_WARN_BOOL_CONVERSION = YES;
				CLANG_WARN_COMMA = YES;
				CLANG_WARN_CONSTANT_CONVERSION = YES;
				CLANG_WARN_DIRECT_OBJC_ISA_USAGE = YES_ERROR;
				CLANG_WARN_EMPTY_BODY = YES;
				CLANG_WARN_ENUM_CONVERSION = YES;
				CLANG_WARN_INFINITE_RECURSION = YES;
				CLANG_WARN_INT_CONVERSION = YES;
				CLANG_WARN_NON_LITERAL_NULL_CONVERSION = YES;
				CLANG_WARN_OBJC_LITERAL_CONVERSION = YES;
				CLANG_WARN_OBJC_ROOT_CLASS = YES_ERROR;
				CLANG_WARN_RANGE_LOOP_ANALYSIS = YES;
				CLANG_WARN_STRICT_PROTOTYPES = YES;
				CLANG_WARN_SUSPICIOUS_MOVE = YES;
				CLANG_WARN_UNREACHABLE_CODE = YES;
				CLANG_WARN__DUPLICATE_METHOD_MATCH = YES;
				"CODE_SIGN_IDENTITY[sdk=iphoneos*]" = "iPhone Developer";
				COPY_PHASE_STRIP = NO;
				DEBUG_INFORMATION_FORMAT = "dwarf-with-dsym";
				ENABLE_NS_ASSERTIONS = NO;
				ENABLE_STRICT_OBJC_MSGSEND = YES;
				GCC_C_LANGUAGE_STANDARD = gnu99;
				GCC_NO_COMMON_BLOCKS = YES;
				GCC_WARN_64_TO_32_BIT_CONVERSION = YES;
				GCC_WARN_ABOUT_RETURN_TYPE = YES_ERROR;
				GCC_WARN_UNDECLARED_SELECTOR = YES;
				GCC_WARN_UNINITIALIZED_AUTOS = YES_AGGRESSIVE;
				GCC_WARN_UNUSED_FUNCTION = YES;
				GCC_WARN_UNUSED_VARIABLE = YES;
				IPHONEOS_DEPLOYMENT_TARGET = 9.3;
				MTL_ENABLE_DEBUG_INFO = NO;
				SDKROOT = iphoneos;
				SWIFT_OPTIMIZATION_LEVEL = "-Owholemodule";
				VALIDATE_PRODUCT = YES;
			};
			name = Release;
		};
		A4802C2E1D8ACA5F0032AF25 /* Debug */ = {
			isa = XCBuildConfiguration;
			baseConfigurationReference = 5E85AB41FAD8718DCB5CD66E /* Pods-Recruitment-iOS.debug.xcconfig */;
			buildSettings = {
				ASSETCATALOG_COMPILER_APPICON_NAME = AppIcon;
				CLANG_ENABLE_MODULES = YES;
				INFOPLIST_FILE = "Recruitment-iOS/Info.plist";
				IPHONEOS_DEPLOYMENT_TARGET = 10.3;
				LD_RUNPATH_SEARCH_PATHS = "$(inherited) @executable_path/Frameworks";
				PRODUCT_BUNDLE_IDENTIFIER = "co.untitledkingdom.Recruitment-iOS";
				PRODUCT_NAME = "$(TARGET_NAME)";
				SWIFT_OPTIMIZATION_LEVEL = "-Onone";
				SWIFT_SWIFT3_OBJC_INFERENCE = Default;
				SWIFT_VERSION = 4.0;
			};
			name = Debug;
		};
		A4802C2F1D8ACA5F0032AF25 /* Release */ = {
			isa = XCBuildConfiguration;
			baseConfigurationReference = F210A36ACC99AED0893A9477 /* Pods-Recruitment-iOS.release.xcconfig */;
			buildSettings = {
				ASSETCATALOG_COMPILER_APPICON_NAME = AppIcon;
				CLANG_ENABLE_MODULES = YES;
				INFOPLIST_FILE = "Recruitment-iOS/Info.plist";
				IPHONEOS_DEPLOYMENT_TARGET = 10.3;
				LD_RUNPATH_SEARCH_PATHS = "$(inherited) @executable_path/Frameworks";
				PRODUCT_BUNDLE_IDENTIFIER = "co.untitledkingdom.Recruitment-iOS";
				PRODUCT_NAME = "$(TARGET_NAME)";
				SWIFT_SWIFT3_OBJC_INFERENCE = Default;
				SWIFT_VERSION = 4.0;
			};
			name = Release;
		};
/* End XCBuildConfiguration section */

/* Begin XCConfigurationList section */
		57B52707221181F700514DDA /* Build configuration list for PBXNativeTarget "Recruitment-iOSTests" */ = {
			isa = XCConfigurationList;
			buildConfigurations = (
				57B52705221181F700514DDA /* Debug */,
				57B52706221181F700514DDA /* Release */,
			);
			defaultConfigurationIsVisible = 0;
			defaultConfigurationName = Release;
		};
		A4802C161D8ACA5F0032AF25 /* Build configuration list for PBXProject "Recruitment-iOS" */ = {
			isa = XCConfigurationList;
			buildConfigurations = (
				A4802C2B1D8ACA5F0032AF25 /* Debug */,
				A4802C2C1D8ACA5F0032AF25 /* Release */,
			);
			defaultConfigurationIsVisible = 0;
			defaultConfigurationName = Release;
		};
		A4802C2D1D8ACA5F0032AF25 /* Build configuration list for PBXNativeTarget "Recruitment-iOS" */ = {
			isa = XCConfigurationList;
			buildConfigurations = (
				A4802C2E1D8ACA5F0032AF25 /* Debug */,
				A4802C2F1D8ACA5F0032AF25 /* Release */,
			);
			defaultConfigurationIsVisible = 0;
			defaultConfigurationName = Release;
		};
/* End XCConfigurationList section */
	};
	rootObject = A4802C131D8ACA5F0032AF25 /* Project object */;
}
